
Microsoft Visual Studio Solution File, Format Version 12.00
# Visual Studio Version 17
VisualStudioVersion = 17.13.35931.197
MinimumVisualStudioVersion = 10.0.40219.1
Project("{FAE04EC0-301F-11D3-BF4B-00C04F79EFBC}") = "EMS.Infrastructure", "EMS.Infrastructure\EMS.Infrastructure.csproj", "{6F2F89FE-4C91-4C46-B5FC-C6FF57FF8FA7}"
EndProject
Project("{FAE04EC0-301F-11D3-BF4B-00C04F79EFBC}") = "EMS.Domain", "EMS.Domain\EMS.Domain.csproj", "{F7C1F8F6-5AEC-4893-9B6D-4B24B6927659}"
EndProject
Project("{FAE04EC0-301F-11D3-BF4B-00C04F79EFBC}") = "EMS.Application", "EMS.Application\EMS.Application.csproj", "{55785390-C337-4DA2-ACCF-5FF581B62883}"
EndProject
Project("{FAE04EC0-301F-11D3-BF4B-00C04F79EFBC}") = "EMS.API", "EMS.API\EMS.API.csproj", "{D85F8949-1B9A-4940-B301-59833CD4E76D}"
EndProject
Project("{FAE04EC0-301F-11D3-BF4B-00C04F79EFBC}") = "EMS.Application.UnitTests", "EMS.Application.UnitTests\EMS.Application.UnitTests.csproj", "{B9F18123-2D68-45A9-BA74-117233B9B025}"
EndProject
Project("{2150E333-8FDC-42A3-9474-1A3956D46DE8}") = "Pukar.Usermanagement", "Pukar.Usermanagement", "{374F757F-8E9B-E55A-7E86-E83F785A568A}"
EndProject
Project("{FAE04EC0-301F-11D3-BF4B-00C04F79EFBC}") = "Pukar.Usermanagement.Domain", "Pukar.Usermanagement\Pukar.Usermanagement.Domain\Pukar.Usermanagement.Domain.csproj", "{E4E9FA56-0B26-49ED-93E4-D986174EF71E}"
EndProject
Project("{FAE04EC0-301F-11D3-BF4B-00C04F79EFBC}") = "Pukar.Usermanagement.Application", "Pukar.Usermanagement\Pukar.Usermanagement.Application\Pukar.Usermanagement.Application.csproj", "{49433266-3C19-4890-8F62-911463EDCA8C}"
EndProject
Project("{FAE04EC0-301F-11D3-BF4B-00C04F79EFBC}") = "Pukar.Usermanagement.Infrastructure", "Pukar.Usermanagement\Pukar.Usermanagement.Infrastructure\Pukar.Usermanagement.Infrastructure.csproj", "{5432BD24-ECC1-4DDB-A0D2-639C81613DE5}"
EndProject
Project("{FAE04EC0-301F-11D3-BF4B-00C04F79EFBC}") = "Pukar.Usermanagement.API", "Pukar.Usermanagement\Pukar.Usermanagement.API\Pukar.Usermanagement.API.csproj", "{9F20C98E-92CA-4B00-AA5B-E6421DEAB576}"
EndProject
Global
	GlobalSection(SolutionConfigurationPlatforms) = preSolution
		Debug|Any CPU = Debug|Any CPU
		Debug|x64 = Debug|x64
		Debug|x86 = Debug|x86
		Release|Any CPU = Release|Any CPU
		Release|x64 = Release|x64
		Release|x86 = Release|x86
	EndGlobalSection
	GlobalSection(ProjectConfigurationPlatforms) = postSolution
		{6F2F89FE-4C91-4C46-B5FC-C6FF57FF8FA7}.Debug|Any CPU.ActiveCfg = Debug|Any CPU
		{6F2F89FE-4C91-4C46-B5FC-C6FF57FF8FA7}.Debug|Any CPU.Build.0 = Debug|Any CPU
		{6F2F89FE-4C91-4C46-B5FC-C6FF57FF8FA7}.Debug|x64.ActiveCfg = Debug|Any CPU
		{6F2F89FE-4C91-4C46-B5FC-C6FF57FF8FA7}.Debug|x64.Build.0 = Debug|Any CPU
		{6F2F89FE-4C91-4C46-B5FC-C6FF57FF8FA7}.Debug|x86.ActiveCfg = Debug|Any CPU
		{6F2F89FE-4C91-4C46-B5FC-C6FF57FF8FA7}.Debug|x86.Build.0 = Debug|Any CPU
		{6F2F89FE-4C91-4C46-B5FC-C6FF57FF8FA7}.Release|Any CPU.ActiveCfg = Release|Any CPU
		{6F2F89FE-4C91-4C46-B5FC-C6FF57FF8FA7}.Release|Any CPU.Build.0 = Release|Any CPU
		{6F2F89FE-4C91-4C46-B5FC-C6FF57FF8FA7}.Release|x64.ActiveCfg = Release|Any CPU
		{6F2F89FE-4C91-4C46-B5FC-C6FF57FF8FA7}.Release|x64.Build.0 = Release|Any CPU
		{6F2F89FE-4C91-4C46-B5FC-C6FF57FF8FA7}.Release|x86.ActiveCfg = Release|Any CPU
		{6F2F89FE-4C91-4C46-B5FC-C6FF57FF8FA7}.Release|x86.Build.0 = Release|Any CPU
		{F7C1F8F6-5AEC-4893-9B6D-4B24B6927659}.Debug|Any CPU.ActiveCfg = Debug|Any CPU
		{F7C1F8F6-5AEC-4893-9B6D-4B24B6927659}.Debug|Any CPU.Build.0 = Debug|Any CPU
		{F7C1F8F6-5AEC-4893-9B6D-4B24B6927659}.Debug|x64.ActiveCfg = Debug|Any CPU
		{F7C1F8F6-5AEC-4893-9B6D-4B24B6927659}.Debug|x64.Build.0 = Debug|Any CPU
		{F7C1F8F6-5AEC-4893-9B6D-4B24B6927659}.Debug|x86.ActiveCfg = Debug|Any CPU
		{F7C1F8F6-5AEC-4893-9B6D-4B24B6927659}.Debug|x86.Build.0 = Debug|Any CPU
		{F7C1F8F6-5AEC-4893-9B6D-4B24B6927659}.Release|Any CPU.ActiveCfg = Release|Any CPU
		{F7C1F8F6-5AEC-4893-9B6D-4B24B6927659}.Release|Any CPU.Build.0 = Release|Any CPU
		{F7C1F8F6-5AEC-4893-9B6D-4B24B6927659}.Release|x64.ActiveCfg = Release|Any CPU
		{F7C1F8F6-5AEC-4893-9B6D-4B24B6927659}.Release|x64.Build.0 = Release|Any CPU
		{F7C1F8F6-5AEC-4893-9B6D-4B24B6927659}.Release|x86.ActiveCfg = Release|Any CPU
		{F7C1F8F6-5AEC-4893-9B6D-4B24B6927659}.Release|x86.Build.0 = Release|Any CPU
		{55785390-C337-4DA2-ACCF-5FF581B62883}.Debug|Any CPU.ActiveCfg = Debug|Any CPU
		{55785390-C337-4DA2-ACCF-5FF581B62883}.Debug|Any CPU.Build.0 = Debug|Any CPU
		{55785390-C337-4DA2-ACCF-5FF581B62883}.Debug|x64.ActiveCfg = Debug|Any CPU
		{55785390-C337-4DA2-ACCF-5FF581B62883}.Debug|x64.Build.0 = Debug|Any CPU
		{55785390-C337-4DA2-ACCF-5FF581B62883}.Debug|x86.ActiveCfg = Debug|Any CPU
		{55785390-C337-4DA2-ACCF-5FF581B62883}.Debug|x86.Build.0 = Debug|Any CPU
		{55785390-C337-4DA2-ACCF-5FF581B62883}.Release|Any CPU.ActiveCfg = Release|Any CPU
		{55785390-C337-4DA2-ACCF-5FF581B62883}.Release|Any CPU.Build.0 = Release|Any CPU
		{55785390-C337-4DA2-ACCF-5FF581B62883}.Release|x64.ActiveCfg = Release|Any CPU
		{55785390-C337-4DA2-ACCF-5FF581B62883}.Release|x64.Build.0 = Release|Any CPU
		{55785390-C337-4DA2-ACCF-5FF581B62883}.Release|x86.ActiveCfg = Release|Any CPU
		{55785390-C337-4DA2-ACCF-5FF581B62883}.Release|x86.Build.0 = Release|Any CPU
		{D85F8949-1B9A-4940-B301-59833CD4E76D}.Debug|Any CPU.ActiveCfg = Debug|Any CPU
		{D85F8949-1B9A-4940-B301-59833CD4E76D}.Debug|Any CPU.Build.0 = Debug|Any CPU
		{D85F8949-1B9A-4940-B301-59833CD4E76D}.Debug|x64.ActiveCfg = Debug|Any CPU
		{D85F8949-1B9A-4940-B301-59833CD4E76D}.Debug|x64.Build.0 = Debug|Any CPU
		{D85F8949-1B9A-4940-B301-59833CD4E76D}.Debug|x86.ActiveCfg = Debug|Any CPU
		{D85F8949-1B9A-4940-B301-59833CD4E76D}.Debug|x86.Build.0 = Debug|Any CPU
		{D85F8949-1B9A-4940-B301-59833CD4E76D}.Release|Any CPU.ActiveCfg = Release|Any CPU
		{D85F8949-1B9A-4940-B301-59833CD4E76D}.Release|Any CPU.Build.0 = Release|Any CPU
		{D85F8949-1B9A-4940-B301-59833CD4E76D}.Release|x64.ActiveCfg = Release|Any CPU
		{D85F8949-1B9A-4940-B301-59833CD4E76D}.Release|x64.Build.0 = Release|Any CPU
		{D85F8949-1B9A-4940-B301-59833CD4E76D}.Release|x86.ActiveCfg = Release|Any CPU
		{D85F8949-1B9A-4940-B301-59833CD4E76D}.Release|x86.Build.0 = Release|Any CPU
		{B9F18123-2D68-45A9-BA74-117233B9B025}.Debug|Any CPU.ActiveCfg = Debug|Any CPU
		{B9F18123-2D68-45A9-BA74-117233B9B025}.Debug|Any CPU.Build.0 = Debug|Any CPU
		{B9F18123-2D68-45A9-BA74-117233B9B025}.Debug|x64.ActiveCfg = Debug|Any CPU
		{B9F18123-2D68-45A9-BA74-117233B9B025}.Debug|x64.Build.0 = Debug|Any CPU
		{B9F18123-2D68-45A9-BA74-117233B9B025}.Debug|x86.ActiveCfg = Debug|Any CPU
		{B9F18123-2D68-45A9-BA74-117233B9B025}.Debug|x86.Build.0 = Debug|Any CPU
		{B9F18123-2D68-45A9-BA74-117233B9B025}.Release|Any CPU.ActiveCfg = Release|Any CPU
		{B9F18123-2D68-45A9-BA74-117233B9B025}.Release|Any CPU.Build.0 = Release|Any CPU
		{B9F18123-2D68-45A9-BA74-117233B9B025}.Release|x64.ActiveCfg = Release|Any CPU
		{B9F18123-2D68-45A9-BA74-117233B9B025}.Release|x64.Build.0 = Release|Any CPU
		{B9F18123-2D68-45A9-BA74-117233B9B025}.Release|x86.ActiveCfg = Release|Any CPU
		{B9F18123-2D68-45A9-BA74-117233B9B025}.Release|x86.Build.0 = Release|Any CPU
		{E4E9FA56-0B26-49ED-93E4-D986174EF71E}.Debug|Any CPU.ActiveCfg = Debug|Any CPU
		{E4E9FA56-0B26-49ED-93E4-D986174EF71E}.Debug|Any CPU.Build.0 = Debug|Any CPU
		{E4E9FA56-0B26-49ED-93E4-D986174EF71E}.Debug|x64.ActiveCfg = Debug|Any CPU
		{E4E9FA56-0B26-49ED-93E4-D986174EF71E}.Debug|x64.Build.0 = Debug|Any CPU
		{E4E9FA56-0B26-49ED-93E4-D986174EF71E}.Debug|x86.ActiveCfg = Debug|Any CPU
		{E4E9FA56-0B26-49ED-93E4-D986174EF71E}.Debug|x86.Build.0 = Debug|Any CPU
		{E4E9FA56-0B26-49ED-93E4-D986174EF71E}.Release|Any CPU.ActiveCfg = Release|Any CPU
		{E4E9FA56-0B26-49ED-93E4-D986174EF71E}.Release|Any CPU.Build.0 = Release|Any CPU
		{E4E9FA56-0B26-49ED-93E4-D986174EF71E}.Release|x64.ActiveCfg = Release|Any CPU
		{E4E9FA56-0B26-49ED-93E4-D986174EF71E}.Release|x64.Build.0 = Release|Any CPU
		{E4E9FA56-0B26-49ED-93E4-D986174EF71E}.Release|x86.ActiveCfg = Release|Any CPU
		{E4E9FA56-0B26-49ED-93E4-D986174EF71E}.Release|x86.Build.0 = Release|Any CPU
		{49433266-3C19-4890-8F62-911463EDCA8C}.Debug|Any CPU.ActiveCfg = Debug|Any CPU
		{49433266-3C19-4890-8F62-911463EDCA8C}.Debug|Any CPU.Build.0 = Debug|Any CPU
		{49433266-3C19-4890-8F62-911463EDCA8C}.Debug|x64.ActiveCfg = Debug|Any CPU
		{49433266-3C19-4890-8F62-911463EDCA8C}.Debug|x64.Build.0 = Debug|Any CPU
		{49433266-3C19-4890-8F62-911463EDCA8C}.Debug|x86.ActiveCfg = Debug|Any CPU
		{49433266-3C19-4890-8F62-911463EDCA8C}.Debug|x86.Build.0 = Debug|Any CPU
		{49433266-3C19-4890-8F62-911463EDCA8C}.Release|Any CPU.ActiveCfg = Release|Any CPU
		{49433266-3C19-4890-8F62-911463EDCA8C}.Release|Any CPU.Build.0 = Release|Any CPU
		{49433266-3C19-4890-8F62-911463EDCA8C}.Release|x64.ActiveCfg = Release|Any CPU
		{49433266-3C19-4890-8F62-911463EDCA8C}.Release|x64.Build.0 = Release|Any CPU
		{49433266-3C19-4890-8F62-911463EDCA8C}.Release|x86.ActiveCfg = Release|Any CPU
		{49433266-3C19-4890-8F62-911463EDCA8C}.Release|x86.Build.0 = Release|Any CPU
		{5432BD24-ECC1-4DDB-A0D2-639C81613DE5}.Debug|Any CPU.ActiveCfg = Debug|Any CPU
		{5432BD24-ECC1-4DDB-A0D2-639C81613DE5}.Debug|Any CPU.Build.0 = Debug|Any CPU
		{5432BD24-ECC1-4DDB-A0D2-639C81613DE5}.Debug|x64.ActiveCfg = Debug|Any CPU
		{5432BD24-ECC1-4DDB-A0D2-639C81613DE5}.Debug|x64.Build.0 = Debug|Any CPU
		{5432BD24-ECC1-4DDB-A0D2-639C81613DE5}.Debug|x86.ActiveCfg = Debug|Any CPU
		{5432BD24-ECC1-4DDB-A0D2-639C81613DE5}.Debug|x86.Build.0 = Debug|Any CPU
		{5432BD24-ECC1-4DDB-A0D2-639C81613DE5}.Release|Any CPU.ActiveCfg = Release|Any CPU
		{5432BD24-ECC1-4DDB-A0D2-639C81613DE5}.Release|Any CPU.Build.0 = Release|Any CPU
		{5432BD24-ECC1-4DDB-A0D2-639C81613DE5}.Release|x64.ActiveCfg = Release|Any CPU
		{5432BD24-ECC1-4DDB-A0D2-639C81613DE5}.Release|x64.Build.0 = Release|Any CPU
		{5432BD24-ECC1-4DDB-A0D2-639C81613DE5}.Release|x86.ActiveCfg = Release|Any CPU
		{5432BD24-ECC1-4DDB-A0D2-639C81613DE5}.Release|x86.Build.0 = Release|Any CPU
		{9F20C98E-92CA-4B00-AA5B-E6421DEAB576}.Debug|Any CPU.ActiveCfg = Debug|Any CPU
		{9F20C98E-92CA-4B00-AA5B-E6421DEAB576}.Debug|Any CPU.Build.0 = Debug|Any CPU
		{9F20C98E-92CA-4B00-AA5B-E6421DEAB576}.Debug|x64.ActiveCfg = Debug|Any CPU
		{9F20C98E-92CA-4B00-AA5B-E6421DEAB576}.Debug|x64.Build.0 = Debug|Any CPU
		{9F20C98E-92CA-4B00-AA5B-E6421DEAB576}.Debug|x86.ActiveCfg = Debug|Any CPU
		{9F20C98E-92CA-4B00-AA5B-E6421DEAB576}.Debug|x86.Build.0 = Debug|Any CPU
		{9F20C98E-92CA-4B00-AA5B-E6421DEAB576}.Release|Any CPU.ActiveCfg = Release|Any CPU
		{9F20C98E-92CA-4B00-AA5B-E6421DEAB576}.Release|Any CPU.Build.0 = Release|Any CPU
		{9F20C98E-92CA-4B00-AA5B-E6421DEAB576}.Release|x64.ActiveCfg = Release|Any CPU
		{9F20C98E-92CA-4B00-AA5B-E6421DEAB576}.Release|x64.Build.0 = Release|Any CPU
		{9F20C98E-92CA-4B00-AA5B-E6421DEAB576}.Release|x86.ActiveCfg = Release|Any CPU
		{9F20C98E-92CA-4B00-AA5B-E6421DEAB576}.Release|x86.Build.0 = Release|Any CPU
	EndGlobalSection
	GlobalSection(SolutionProperties) = preSolution
		HideSolutionNode = FALSE
	EndGlobalSection
	GlobalSection(NestedProjects) = preSolution
		{E4E9FA56-0B26-49ED-93E4-D986174EF71E} = {374F757F-8E9B-E55A-7E86-E83F785A568A}
		{49433266-3C19-4890-8F62-911463EDCA8C} = {374F757F-8E9B-E55A-7E86-E83F785A568A}
		{5432BD24-ECC1-4DDB-A0D2-639C81613DE5} = {374F757F-8E9B-E55A-7E86-E83F785A568A}
		{9F20C98E-92CA-4B00-AA5B-E6421DEAB576} = {374F757F-8E9B-E55A-7E86-E83F785A568A}
	EndGlobalSection
	GlobalSection(ExtensibilityGlobals) = postSolution
		SolutionGuid = {FD1BF3AE-594F-42E4-BF72-C739757A8497}
	EndGlobalSection
EndGlobal
